dependencies:
  espressif/button:
    component_hash: 4ed25fcf354b48aa5e5680b9e7549e38d7738f9b613c94a2e39119c100db9c95
    source:
      service_url: https://api.components.espressif.com/
      type: service
    version: 4.1.4
  espressif/cmake_utilities:
    component_hash: 05165f30922b422b4b90c08845e6d449329b97370fbd06309803d8cb539d79e3
    source:
      service_url: https://api.components.espressif.com/
      type: service
    version: 1.1.1
  espressif/esp_websocket_client:
    component_hash: ac62982fcf9b266409c2299d2b6b1844122105b35163a3b7f8d0adaa9f7eb989
    source:
      service_url: https://api.components.espressif.com/
      type: service
    version: 1.5.0
  espressif/led_strip:
    component_hash: 28c6509a727ef74925b372ed404772aeedf11cce10b78c3f69b3c66799095e2d
    source:
      service_url: https://api.components.espressif.com/
      type: service
    version: 2.5.5
  idf:
    component_hash: null
    source:
      type: idf
    version: 5.1.2
manifest_hash: fe30b68b6980049a415e40c3439ac871f38b1ba7750b1bf05ef49291c6b24095
target: esp32s3
version: 1.0.0
